// !$*UTF8*$!
{
	archiveVersion = 1;
	classes = {
	};
	objectVersion = 46;
	objects = {

/* Begin PBXBuildFile section */
		013EB5E71DB4EF8200D2EC01 /* LoadingView.swift in Sources */ = {isa = PBXBuildFile; fileRef = 013EB5E61DB4EF8200D2EC01 /* LoadingView.swift */; };
		017127801DAF53F800F1B6B2 /* PlayerView.swift in Sources */ = {isa = PBXBuildFile; fileRef = 0171277F1DAF53F800F1B6B2 /* PlayerView.swift */; };
		017127821DAFDF5D00F1B6B2 /* Images.xcassets in Resources */ = {isa = PBXBuildFile; fileRef = 017127811DAFDF5D00F1B6B2 /* Images.xcassets */; };
		0173AAC91DAC04840051D6BC /* AppDelegate.swift in Sources */ = {isa = PBXBuildFile; fileRef = 0173AAC81DAC04840051D6BC /* AppDelegate.swift */; };
		0173AAD01DAC04840051D6BC /* Assets.xcassets in Resources */ = {isa = PBXBuildFile; fileRef = 0173AACF1DAC04840051D6BC /* Assets.xcassets */; };
		0173AAD31DAC04840051D6BC /* LaunchScreen.storyboard in Resources */ = {isa = PBXBuildFile; fileRef = 0173AAD11DAC04840051D6BC /* LaunchScreen.storyboard */; };
		0173AADE1DAC04840051D6BC /* FlicksTests.swift in Sources */ = {isa = PBXBuildFile; fileRef = 0173AADD1DAC04840051D6BC /* FlicksTests.swift */; };
		01A7E9111DAC4A3400057CA6 /* MovieTableController.swift in Sources */ = {isa = PBXBuildFile; fileRef = 01A7E9101DAC4A3400057CA6 /* MovieTableController.swift */; };
		01A7E9141DAC4B3800057CA6 /* MovieService.swift in Sources */ = {isa = PBXBuildFile; fileRef = 01A7E9131DAC4B3800057CA6 /* MovieService.swift */; };
		01A7E9171DAD3B8B00057CA6 /* MovieFeed.swift in Sources */ = {isa = PBXBuildFile; fileRef = 01A7E9161DAD3B8B00057CA6 /* MovieFeed.swift */; };
		01A7E9191DAD62BC00057CA6 /* Movie.swift in Sources */ = {isa = PBXBuildFile; fileRef = 01A7E9181DAD62BC00057CA6 /* Movie.swift */; };
		01A7E91C1DAD708A00057CA6 /* MovieTableCell.swift in Sources */ = {isa = PBXBuildFile; fileRef = 01A7E91B1DAD708A00057CA6 /* MovieTableCell.swift */; };
		01A7E9201DAEA79700057CA6 /* MovieDetailsController.swift in Sources */ = {isa = PBXBuildFile; fileRef = 01A7E91F1DAEA79700057CA6 /* MovieDetailsController.swift */; };
		01A7E9231DAEA9E700057CA6 /* Main.storyboard in Resources */ = {isa = PBXBuildFile; fileRef = 01A7E9211DAEA9E700057CA6 /* Main.storyboard */; };
		01A7E9251DAEBA3700057CA6 /* PlayTrailerController.swift in Sources */ = {isa = PBXBuildFile; fileRef = 01A7E9241DAEBA3700057CA6 /* PlayTrailerController.swift */; };
		09AD9221C3AB71045B5920E2 /* Pods_FlicksTests.framework in Frameworks */ = {isa = PBXBuildFile; fileRef = 1A2B8B7B049DDE173099DA08 /* Pods_FlicksTests.framework */; };
		38EF4F2C94402C11AA5A9EE4 /* Pods_Flicks.framework in Frameworks */ = {isa = PBXBuildFile; fileRef = 4ABEA3EFEA0607207726CF14 /* Pods_Flicks.framework */; };
/* End PBXBuildFile section */

/* Begin PBXContainerItemProxy section */
		0173AADA1DAC04840051D6BC /* PBXContainerItemProxy */ = {
			isa = PBXContainerItemProxy;
			containerPortal = 0173AABD1DAC04840051D6BC /* Project object */;
			proxyType = 1;
			remoteGlobalIDString = 0173AAC41DAC04840051D6BC;
			remoteInfo = Flicks;
		};
/* End PBXContainerItemProxy section */

/* Begin PBXFileReference section */
		013EB5E61DB4EF8200D2EC01 /* LoadingView.swift */ = {isa = PBXFileReference; fileEncoding = 4; lastKnownFileType = sourcecode.swift; path = LoadingView.swift; sourceTree = "<group>"; };
		0171277F1DAF53F800F1B6B2 /* PlayerView.swift */ = {isa = PBXFileReference; fileEncoding = 4; lastKnownFileType = sourcecode.swift; path = PlayerView.swift; sourceTree = "<group>"; };
		017127811DAFDF5D00F1B6B2 /* Images.xcassets */ = {isa = PBXFileReference; lastKnownFileType = folder.assetcatalog; path = Images.xcassets; sourceTree = "<group>"; };
		0173AAC51DAC04840051D6BC /* Flicks.app */ = {isa = PBXFileReference; explicitFileType = wrapper.application; includeInIndex = 0; path = Flicks.app; sourceTree = BUILT_PRODUCTS_DIR; };
		0173AAC81DAC04840051D6BC /* AppDelegate.swift */ = {isa = PBXFileReference; lastKnownFileType = sourcecode.swift; path = AppDelegate.swift; sourceTree = "<group>"; };
		0173AACF1DAC04840051D6BC /* Assets.xcassets */ = {isa = PBXFileReference; lastKnownFileType = folder.assetcatalog; path = Assets.xcassets; sourceTree = "<group>"; };
		0173AAD21DAC04840051D6BC /* Base */ = {isa = PBXFileReference; lastKnownFileType = file.storyboard; name = Base; path = Base.lproj/LaunchScreen.storyboard; sourceTree = "<group>"; };
		0173AAD41DAC04840051D6BC /* Info.plist */ = {isa = PBXFileReference; lastKnownFileType = text.plist.xml; path = Info.plist; sourceTree = "<group>"; };
		0173AAD91DAC04840051D6BC /* FlicksTests.xctest */ = {isa = PBXFileReference; explicitFileType = wrapper.cfbundle; includeInIndex = 0; path = FlicksTests.xctest; sourceTree = BUILT_PRODUCTS_DIR; };
		0173AADD1DAC04840051D6BC /* FlicksTests.swift */ = {isa = PBXFileReference; lastKnownFileType = sourcecode.swift; path = FlicksTests.swift; sourceTree = "<group>"; };
		0173AADF1DAC04840051D6BC /* Info.plist */ = {isa = PBXFileReference; lastKnownFileType = text.plist.xml; path = Info.plist; sourceTree = "<group>"; };
		01A7E9101DAC4A3400057CA6 /* MovieTableController.swift */ = {isa = PBXFileReference; fileEncoding = 4; lastKnownFileType = sourcecode.swift; path = MovieTableController.swift; sourceTree = "<group>"; };
		01A7E9131DAC4B3800057CA6 /* MovieService.swift */ = {isa = PBXFileReference; fileEncoding = 4; lastKnownFileType = sourcecode.swift; path = MovieService.swift; sourceTree = "<group>"; };
		01A7E9161DAD3B8B00057CA6 /* MovieFeed.swift */ = {isa = PBXFileReference; fileEncoding = 4; lastKnownFileType = sourcecode.swift; path = MovieFeed.swift; sourceTree = "<group>"; };
		01A7E9181DAD62BC00057CA6 /* Movie.swift */ = {isa = PBXFileReference; fileEncoding = 4; lastKnownFileType = sourcecode.swift; path = Movie.swift; sourceTree = "<group>"; };
		01A7E91B1DAD708A00057CA6 /* MovieTableCell.swift */ = {isa = PBXFileReference; fileEncoding = 4; lastKnownFileType = sourcecode.swift; path = MovieTableCell.swift; sourceTree = "<group>"; };
		01A7E91F1DAEA79700057CA6 /* MovieDetailsController.swift */ = {isa = PBXFileReference; fileEncoding = 4; lastKnownFileType = sourcecode.swift; path = MovieDetailsController.swift; sourceTree = "<group>"; };
		01A7E9221DAEA9E700057CA6 /* Base */ = {isa = PBXFileReference; lastKnownFileType = file.storyboard; name = Base; path = Base.lproj/Main.storyboard; sourceTree = "<group>"; };
		01A7E9241DAEBA3700057CA6 /* PlayTrailerController.swift */ = {isa = PBXFileReference; fileEncoding = 4; lastKnownFileType = sourcecode.swift; path = PlayTrailerController.swift; sourceTree = "<group>"; };
		1A2B8B7B049DDE173099DA08 /* Pods_FlicksTests.framework */ = {isa = PBXFileReference; explicitFileType = wrapper.framework; includeInIndex = 0; path = Pods_FlicksTests.framework; sourceTree = BUILT_PRODUCTS_DIR; };
		4ABEA3EFEA0607207726CF14 /* Pods_Flicks.framework */ = {isa = PBXFileReference; explicitFileType = wrapper.framework; includeInIndex = 0; path = Pods_Flicks.framework; sourceTree = BUILT_PRODUCTS_DIR; };
		4DE310A1B86C71D17CB67CEF /* Pods-FlicksTests.release.xcconfig */ = {isa = PBXFileReference; includeInIndex = 1; lastKnownFileType = text.xcconfig; name = "Pods-FlicksTests.release.xcconfig"; path = "Pods/Target Support Files/Pods-FlicksTests/Pods-FlicksTests.release.xcconfig"; sourceTree = "<group>"; };
		8BDE56F33ECDB8A1FACD5D5A /* Pods-Flicks.release.xcconfig */ = {isa = PBXFileReference; includeInIndex = 1; lastKnownFileType = text.xcconfig; name = "Pods-Flicks.release.xcconfig"; path = "Pods/Target Support Files/Pods-Flicks/Pods-Flicks.release.xcconfig"; sourceTree = "<group>"; };
		9A7881607B06E5E0CBD4E423 /* Pods-FlicksTests.debug.xcconfig */ = {isa = PBXFileReference; includeInIndex = 1; lastKnownFileType = text.xcconfig; name = "Pods-FlicksTests.debug.xcconfig"; path = "Pods/Target Support Files/Pods-FlicksTests/Pods-FlicksTests.debug.xcconfig"; sourceTree = "<group>"; };
		B94593750E977F2BD4CBABE3 /* Pods-Flicks.debug.xcconfig */ = {isa = PBXFileReference; includeInIndex = 1; lastKnownFileType = text.xcconfig; name = "Pods-Flicks.debug.xcconfig"; path = "Pods/Target Support Files/Pods-Flicks/Pods-Flicks.debug.xcconfig"; sourceTree = "<group>"; };
/* End PBXFileReference section */

/* Begin PBXFrameworksBuildPhase section */
		0173AAC21DAC04840051D6BC /* Frameworks */ = {
			isa = PBXFrameworksBuildPhase;
			buildActionMask = 2147483647;
			files = (
				38EF4F2C94402C11AA5A9EE4 /* Pods_Flicks.framework in Frameworks */,
			);
			runOnlyForDeploymentPostprocessing = 0;
		};
		0173AAD61DAC04840051D6BC /* Frameworks */ = {
			isa = PBXFrameworksBuildPhase;
			buildActionMask = 2147483647;
			files = (
				09AD9221C3AB71045B5920E2 /* Pods_FlicksTests.framework in Frameworks */,
			);
			runOnlyForDeploymentPostprocessing = 0;
		};
/* End PBXFrameworksBuildPhase section */

/* Begin PBXGroup section */
		0171277E1DAF53DD00F1B6B2 /* Views */ = {
			isa = PBXGroup;
			children = (
				0171277F1DAF53F800F1B6B2 /* PlayerView.swift */,
				013EB5E61DB4EF8200D2EC01 /* LoadingView.swift */,
			);
			path = Views;
			sourceTree = "<group>";
		};
		0173AABC1DAC04840051D6BC = {
			isa = PBXGroup;
			children = (
				0173AAC71DAC04840051D6BC /* Flicks */,
				0173AADC1DAC04840051D6BC /* FlicksTests */,
				0173AAC61DAC04840051D6BC /* Products */,
				A17B9A94352D1BFD9CF4BFCE /* Pods */,
				E3E330328741165BA314270B /* Frameworks */,
			);
			sourceTree = "<group>";
		};
		0173AAC61DAC04840051D6BC /* Products */ = {
			isa = PBXGroup;
			children = (
				0173AAC51DAC04840051D6BC /* Flicks.app */,
				0173AAD91DAC04840051D6BC /* FlicksTests.xctest */,
			);
			name = Products;
			sourceTree = "<group>";
		};
		0173AAC71DAC04840051D6BC /* Flicks */ = {
			isa = PBXGroup;
			children = (
				0173AAC81DAC04840051D6BC /* AppDelegate.swift */,
				0173AACF1DAC04840051D6BC /* Assets.xcassets */,
				0173AAD41DAC04840051D6BC /* Info.plist */,
				0173AAD11DAC04840051D6BC /* LaunchScreen.storyboard */,
				01A7E9211DAEA9E700057CA6 /* Main.storyboard */,
				01A7E9151DAD3B6D00057CA6 /* Models */,
				01A7E9121DAC4B1900057CA6 /* Services */,
				01A7E90F1DAC4A1200057CA6 /* ViewControllers */,
				0171277E1DAF53DD00F1B6B2 /* Views */,
				017127811DAFDF5D00F1B6B2 /* Images.xcassets */,
			);
			path = Flicks;
			sourceTree = "<group>";
		};
		0173AADC1DAC04840051D6BC /* FlicksTests */ = {
			isa = PBXGroup;
			children = (
				0173AADD1DAC04840051D6BC /* FlicksTests.swift */,
				0173AADF1DAC04840051D6BC /* Info.plist */,
			);
			path = FlicksTests;
			sourceTree = "<group>";
		};
		01A7E90F1DAC4A1200057CA6 /* ViewControllers */ = {
			isa = PBXGroup;
			children = (
				01A7E9101DAC4A3400057CA6 /* MovieTableController.swift */,
				01A7E91A1DAD706C00057CA6 /* TableViewCells */,
				01A7E91F1DAEA79700057CA6 /* MovieDetailsController.swift */,
				01A7E9241DAEBA3700057CA6 /* PlayTrailerController.swift */,
			);
			path = ViewControllers;
			sourceTree = "<group>";
		};
		01A7E9121DAC4B1900057CA6 /* Services */ = {
			isa = PBXGroup;
			children = (
				01A7E9131DAC4B3800057CA6 /* MovieService.swift */,
			);
			path = Services;
			sourceTree = "<group>";
		};
		01A7E9151DAD3B6D00057CA6 /* Models */ = {
			isa = PBXGroup;
			children = (
				01A7E9161DAD3B8B00057CA6 /* MovieFeed.swift */,
				01A7E9181DAD62BC00057CA6 /* Movie.swift */,
			);
			path = Models;
			sourceTree = "<group>";
		};
		01A7E91A1DAD706C00057CA6 /* TableViewCells */ = {
			isa = PBXGroup;
			children = (
				01A7E91B1DAD708A00057CA6 /* MovieTableCell.swift */,
			);
			path = TableViewCells;
			sourceTree = "<group>";
		};
		A17B9A94352D1BFD9CF4BFCE /* Pods */ = {
			isa = PBXGroup;
			children = (
				B94593750E977F2BD4CBABE3 /* Pods-Flicks.debug.xcconfig */,
				8BDE56F33ECDB8A1FACD5D5A /* Pods-Flicks.release.xcconfig */,
				9A7881607B06E5E0CBD4E423 /* Pods-FlicksTests.debug.xcconfig */,
				4DE310A1B86C71D17CB67CEF /* Pods-FlicksTests.release.xcconfig */,
			);
			name = Pods;
			sourceTree = "<group>";
		};
		E3E330328741165BA314270B /* Frameworks */ = {
			isa = PBXGroup;
			children = (
				4ABEA3EFEA0607207726CF14 /* Pods_Flicks.framework */,
				1A2B8B7B049DDE173099DA08 /* Pods_FlicksTests.framework */,
			);
			name = Frameworks;
			sourceTree = "<group>";
		};
/* End PBXGroup section */

/* Begin PBXNativeTarget section */
		0173AAC41DAC04840051D6BC /* Flicks */ = {
			isa = PBXNativeTarget;
			buildConfigurationList = 0173AAE21DAC04840051D6BC /* Build configuration list for PBXNativeTarget "Flicks" */;
			buildPhases = (
				603E1519106642D977CFB97E /* [CP] Check Pods Manifest.lock */,
				0173AAC11DAC04840051D6BC /* Sources */,
				0173AAC21DAC04840051D6BC /* Frameworks */,
				0173AAC31DAC04840051D6BC /* Resources */,
				775EC133877F510303B604F1 /* [CP] Embed Pods Frameworks */,
				FD40EA212D35D18075EDE764 /* [CP] Copy Pods Resources */,
			);
			buildRules = (
			);
			dependencies = (
			);
			name = Flicks;
			productName = Flicks;
			productReference = 0173AAC51DAC04840051D6BC /* Flicks.app */;
			productType = "com.apple.product-type.application";
		};
		0173AAD81DAC04840051D6BC /* FlicksTests */ = {
			isa = PBXNativeTarget;
			buildConfigurationList = 0173AAE51DAC04840051D6BC /* Build configuration list for PBXNativeTarget "FlicksTests" */;
			buildPhases = (
				05E7B3E42169CA1687748A45 /* [CP] Check Pods Manifest.lock */,
				0173AAD51DAC04840051D6BC /* Sources */,
				0173AAD61DAC04840051D6BC /* Frameworks */,
				0173AAD71DAC04840051D6BC /* Resources */,
				5F65C15F91B6BE9DB1AC6CA6 /* [CP] Embed Pods Frameworks */,
				336095117D5371400077A14F /* [CP] Copy Pods Resources */,
			);
			buildRules = (
			);
			dependencies = (
				0173AADB1DAC04840051D6BC /* PBXTargetDependency */,
			);
			name = FlicksTests;
			productName = FlicksTests;
			productReference = 0173AAD91DAC04840051D6BC /* FlicksTests.xctest */;
			productType = "com.apple.product-type.bundle.unit-test";
		};
/* End PBXNativeTarget section */

/* Begin PBXProject section */
		0173AABD1DAC04840051D6BC /* Project object */ = {
			isa = PBXProject;
			attributes = {
				LastSwiftUpdateCheck = 0800;
				LastUpgradeCheck = 0800;
				ORGANIZATIONNAME = "Scott Richards";
				TargetAttributes = {
					0173AAC41DAC04840051D6BC = {
						CreatedOnToolsVersion = 8.0;
						DevelopmentTeam = KCL29RH4A8;
						LastSwiftMigration = 0800;
						ProvisioningStyle = Automatic;
					};
					0173AAD81DAC04840051D6BC = {
						CreatedOnToolsVersion = 8.0;
						DevelopmentTeam = KCL29RH4A8;
						LastSwiftMigration = 0800;
						ProvisioningStyle = Automatic;
						TestTargetID = 0173AAC41DAC04840051D6BC;
					};
				};
			};
			buildConfigurationList = 0173AAC01DAC04840051D6BC /* Build configuration list for PBXProject "Flicks" */;
			compatibilityVersion = "Xcode 3.2";
			developmentRegion = English;
			hasScannedForEncodings = 0;
			knownRegions = (
				en,
				Base,
			);
			mainGroup = 0173AABC1DAC04840051D6BC;
			productRefGroup = 0173AAC61DAC04840051D6BC /* Products */;
			projectDirPath = "";
			projectRoot = "";
			targets = (
				0173AAC41DAC04840051D6BC /* Flicks */,
				0173AAD81DAC04840051D6BC /* FlicksTests */,
			);
		};
/* End PBXProject section */

/* Begin PBXResourcesBuildPhase section */
		0173AAC31DAC04840051D6BC /* Resources */ = {
			isa = PBXResourcesBuildPhase;
			buildActionMask = 2147483647;
			files = (
				01A7E9231DAEA9E700057CA6 /* Main.storyboard in Resources */,
				017127821DAFDF5D00F1B6B2 /* Images.xcassets in Resources */,
				0173AAD31DAC04840051D6BC /* LaunchScreen.storyboard in Resources */,
				0173AAD01DAC04840051D6BC /* Assets.xcassets in Resources */,
			);
			runOnlyForDeploymentPostprocessing = 0;
		};
		0173AAD71DAC04840051D6BC /* Resources */ = {
			isa = PBXResourcesBuildPhase;
			buildActionMask = 2147483647;
			files = (
			);
			runOnlyForDeploymentPostprocessing = 0;
		};
/* End PBXResourcesBuildPhase section */

/* Begin PBXShellScriptBuildPhase section */
		05E7B3E42169CA1687748A45 /* [CP] Check Pods Manifest.lock */ = {
			isa = PBXShellScriptBuildPhase;
			buildActionMask = 2147483647;
			files = (
			);
			inputPaths = (
			);
			name = "[CP] Check Pods Manifest.lock";
			outputPaths = (
			);
			runOnlyForDeploymentPostprocessing = 0;
			shellPath = /bin/sh;
			shellScript = "diff \"${PODS_ROOT}/../Podfile.lock\" \"${PODS_ROOT}/Manifest.lock\" > /dev/null\nif [[ $? != 0 ]] ; then\n    cat << EOM\nerror: The sandbox is not in sync with the Podfile.lock. Run 'pod install' or update your CocoaPods installation.\nEOM\n    exit 1\nfi\n";
			showEnvVarsInLog = 0;
		};
		336095117D5371400077A14F /* [CP] Copy Pods Resources */ = {
			isa = PBXShellScriptBuildPhase;
			buildActionMask = 2147483647;
			files = (
			);
			inputPaths = (
			);
			name = "[CP] Copy Pods Resources";
			outputPaths = (
			);
			runOnlyForDeploymentPostprocessing = 0;
			shellPath = /bin/sh;
			shellScript = "\"${SRCROOT}/Pods/Target Support Files/Pods-FlicksTests/Pods-FlicksTests-resources.sh\"\n";
			showEnvVarsInLog = 0;
		};
		5F65C15F91B6BE9DB1AC6CA6 /* [CP] Embed Pods Frameworks */ = {
			isa = PBXShellScriptBuildPhase;
			buildActionMask = 2147483647;
			files = (
			);
			inputPaths = (
			);
			name = "[CP] Embed Pods Frameworks";
			outputPaths = (
			);
			runOnlyForDeploymentPostprocessing = 0;
			shellPath = /bin/sh;
			shellScript = "\"${SRCROOT}/Pods/Target Support Files/Pods-FlicksTests/Pods-FlicksTests-frameworks.sh\"\n";
			showEnvVarsInLog = 0;
		};
		603E1519106642D977CFB97E /* [CP] Check Pods Manifest.lock */ = {
			isa = PBXShellScriptBuildPhase;
			buildActionMask = 2147483647;
			files = (
			);
			inputPaths = (
			);
			name = "[CP] Check Pods Manifest.lock";
			outputPaths = (
			);
			runOnlyForDeploymentPostprocessing = 0;
			shellPath = /bin/sh;
			shellScript = "diff \"${PODS_ROOT}/../Podfile.lock\" \"${PODS_ROOT}/Manifest.lock\" > /dev/null\nif [[ $? != 0 ]] ; then\n    cat << EOM\nerror: The sandbox is not in sync with the Podfile.lock. Run 'pod install' or update your CocoaPods installation.\nEOM\n    exit 1\nfi\n";
			showEnvVarsInLog = 0;
		};
		775EC133877F510303B604F1 /* [CP] Embed Pods Frameworks */ = {
			isa = PBXShellScriptBuildPhase;
			buildActionMask = 2147483647;
			files = (
			);
			inputPaths = (
			);
			name = "[CP] Embed Pods Frameworks";
			outputPaths = (
			);
			runOnlyForDeploymentPostprocessing = 0;
			shellPath = /bin/sh;
			shellScript = "\"${SRCROOT}/Pods/Target Support Files/Pods-Flicks/Pods-Flicks-frameworks.sh\"\n";
			showEnvVarsInLog = 0;
		};
		FD40EA212D35D18075EDE764 /* [CP] Copy Pods Resources */ = {
			isa = PBXShellScriptBuildPhase;
			buildActionMask = 2147483647;
			files = (
			);
			inputPaths = (
			);
			name = "[CP] Copy Pods Resources";
			outputPaths = (
			);
			runOnlyForDeploymentPostprocessing = 0;
			shellPath = /bin/sh;
			shellScript = "\"${SRCROOT}/Pods/Target Support Files/Pods-Flicks/Pods-Flicks-resources.sh\"\n";
			showEnvVarsInLog = 0;
		};
/* End PBXShellScriptBuildPhase section */

/* Begin PBXSourcesBuildPhase section */
		0173AAC11DAC04840051D6BC /* Sources */ = {
			isa = PBXSourcesBuildPhase;
			buildActionMask = 2147483647;
			files = (
				017127801DAF53F800F1B6B2 /* PlayerView.swift in Sources */,
				01A7E9141DAC4B3800057CA6 /* MovieService.swift in Sources */,
				01A7E9111DAC4A3400057CA6 /* MovieTableController.swift in Sources */,
				013EB5E71DB4EF8200D2EC01 /* LoadingView.swift in Sources */,
				0173AAC91DAC04840051D6BC /* AppDelegate.swift in Sources */,
				01A7E9251DAEBA3700057CA6 /* PlayTrailerController.swift in Sources */,
				01A7E9171DAD3B8B00057CA6 /* MovieFeed.swift in Sources */,
				01A7E9191DAD62BC00057CA6 /* Movie.swift in Sources */,
				01A7E91C1DAD708A00057CA6 /* MovieTableCell.swift in Sources */,
				01A7E9201DAEA79700057CA6 /* MovieDetailsController.swift in Sources */,
			);
			runOnlyForDeploymentPostprocessing = 0;
		};
		0173AAD51DAC04840051D6BC /* Sources */ = {
			isa = PBXSourcesBuildPhase;
			buildActionMask = 2147483647;
			files = (
				0173AADE1DAC04840051D6BC /* FlicksTests.swift in Sources */,
			);
			runOnlyForDeploymentPostprocessing = 0;
		};
/* End PBXSourcesBuildPhase section */

/* Begin PBXTargetDependency section */
		0173AADB1DAC04840051D6BC /* PBXTargetDependency */ = {
			isa = PBXTargetDependency;
			target = 0173AAC41DAC04840051D6BC /* Flicks */;
			targetProxy = 0173AADA1DAC04840051D6BC /* PBXContainerItemProxy */;
		};
/* End PBXTargetDependency section */

/* Begin PBXVariantGroup section */
		0173AAD11DAC04840051D6BC /* LaunchScreen.storyboard */ = {
			isa = PBXVariantGroup;
			children = (
				0173AAD21DAC04840051D6BC /* Base */,
			);
			name = LaunchScreen.storyboard;
			sourceTree = "<group>";
		};
		01A7E9211DAEA9E700057CA6 /* Main.storyboard */ = {
			isa = PBXVariantGroup;
			children = (
				01A7E9221DAEA9E700057CA6 /* Base */,
			);
			name = Main.storyboard;
			sourceTree = "<group>";
		};
/* End PBXVariantGroup section */

/* Begin XCBuildConfiguration section */
		0173AAE01DAC04840051D6BC /* Debug */ = {
			isa = XCBuildConfiguration;
			buildSettings = {
				ALWAYS_SEARCH_USER_PATHS = NO;
				CLANG_ANALYZER_NONNULL = YES;
				CLANG_CXX_LANGUAGE_STANDARD = "gnu++0x";
				CLANG_CXX_LIBRARY = "libc++";
				CLANG_ENABLE_MODULES = YES;
				CLANG_ENABLE_OBJC_ARC = YES;
				CLANG_WARN_BOOL_CONVERSION = YES;
				CLANG_WARN_CONSTANT_CONVERSION = YES;
				CLANG_WARN_DIRECT_OBJC_ISA_USAGE = YES_ERROR;
				CLANG_WARN_DOCUMENTATION_COMMENTS = YES;
				CLANG_WARN_EMPTY_BODY = YES;
				CLANG_WARN_ENUM_CONVERSION = YES;
				CLANG_WARN_INFINITE_RECURSION = YES;
				CLANG_WARN_INT_CONVERSION = YES;
				CLANG_WARN_OBJC_ROOT_CLASS = YES_ERROR;
				CLANG_WARN_SUSPICIOUS_MOVE = YES;
				CLANG_WARN_SUSPICIOUS_MOVES = YES;
				CLANG_WARN_UNREACHABLE_CODE = YES;
				CLANG_WARN__DUPLICATE_METHOD_MATCH = YES;
				"CODE_SIGN_IDENTITY[sdk=iphoneos*]" = "iPhone Developer";
				COPY_PHASE_STRIP = NO;
				DEBUG_INFORMATION_FORMAT = dwarf;
				ENABLE_STRICT_OBJC_MSGSEND = YES;
				ENABLE_TESTABILITY = YES;
				GCC_C_LANGUAGE_STANDARD = gnu99;
				GCC_DYNAMIC_NO_PIC = NO;
				GCC_NO_COMMON_BLOCKS = YES;
				GCC_OPTIMIZATION_LEVEL = 0;
				GCC_PREPROCESSOR_DEFINITIONS = (
					"DEBUG=1",
					"$(inherited)",
				);
				GCC_WARN_64_TO_32_BIT_CONVERSION = YES;
				GCC_WARN_ABOUT_RETURN_TYPE = YES_ERROR;
				GCC_WARN_UNDECLARED_SELECTOR = YES;
				GCC_WARN_UNINITIALIZED_AUTOS = YES_AGGRESSIVE;
				GCC_WARN_UNUSED_FUNCTION = YES;
				GCC_WARN_UNUSED_VARIABLE = YES;
				IPHONEOS_DEPLOYMENT_TARGET = 10.0;
				MTL_ENABLE_DEBUG_INFO = YES;
				ONLY_ACTIVE_ARCH = YES;
				SDKROOT = iphoneos;
				SWIFT_ACTIVE_COMPILATION_CONDITIONS = DEBUG;
				SWIFT_OPTIMIZATION_LEVEL = "-Onone";
				SWIFT_VERSION = 2.3;
				TARGETED_DEVICE_FAMILY = "1,2";
			};
			name = Debug;
		};
		0173AAE11DAC04840051D6BC /* Release */ = {
			isa = XCBuildConfiguration;
			buildSettings = {
				ALWAYS_SEARCH_USER_PATHS = NO;
				CLANG_ANALYZER_NONNULL = YES;
				CLANG_CXX_LANGUAGE_STANDARD = "gnu++0x";
				CLANG_CXX_LIBRARY = "libc++";
				CLANG_ENABLE_MODULES = YES;
				CLANG_ENABLE_OBJC_ARC = YES;
				CLANG_WARN_BOOL_CONVERSION = YES;
				CLANG_WARN_CONSTANT_CONVERSION = YES;
				CLANG_WARN_DIRECT_OBJC_ISA_USAGE = YES_ERROR;
				CLANG_WARN_DOCUMENTATION_COMMENTS = YES;
				CLANG_WARN_EMPTY_BODY = YES;
				CLANG_WARN_ENUM_CONVERSION = YES;
				CLANG_WARN_INFINITE_RECURSION = YES;
				CLANG_WARN_INT_CONVERSION = YES;
				CLANG_WARN_OBJC_ROOT_CLASS = YES_ERROR;
				CLANG_WARN_SUSPICIOUS_MOVE = YES;
				CLANG_WARN_SUSPICIOUS_MOVES = YES;
				CLANG_WARN_UNREACHABLE_CODE = YES;
				CLANG_WARN__DUPLICATE_METHOD_MATCH = YES;
				"CODE_SIGN_IDENTITY[sdk=iphoneos*]" = "iPhone Developer";
				COPY_PHASE_STRIP = NO;
				DEBUG_INFORMATION_FORMAT = "dwarf-with-dsym";
				ENABLE_NS_ASSERTIONS = NO;
				ENABLE_STRICT_OBJC_MSGSEND = YES;
				GCC_C_LANGUAGE_STANDARD = gnu99;
				GCC_NO_COMMON_BLOCKS = YES;
				GCC_WARN_64_TO_32_BIT_CONVERSION = YES;
				GCC_WARN_ABOUT_RETURN_TYPE = YES_ERROR;
				GCC_WARN_UNDECLARED_SELECTOR = YES;
				GCC_WARN_UNINITIALIZED_AUTOS = YES_AGGRESSIVE;
				GCC_WARN_UNUSED_FUNCTION = YES;
				GCC_WARN_UNUSED_VARIABLE = YES;
				IPHONEOS_DEPLOYMENT_TARGET = 10.0;
				MTL_ENABLE_DEBUG_INFO = NO;
				SDKROOT = iphoneos;
				SWIFT_OPTIMIZATION_LEVEL = "-Owholemodule";
				SWIFT_VERSION = 2.3;
				TARGETED_DEVICE_FAMILY = "1,2";
				VALIDATE_PRODUCT = YES;
			};
			name = Release;
		};
		0173AAE31DAC04840051D6BC /* Debug */ = {
			isa = XCBuildConfiguration;
			baseConfigurationReference = B94593750E977F2BD4CBABE3 /* Pods-Flicks.debug.xcconfig */;
			buildSettings = {
				ALWAYS_EMBED_SWIFT_STANDARD_LIBRARIES = YES;
				ASSETCATALOG_COMPILER_APPICON_NAME = AppIcon;
				DEVELOPMENT_TEAM = KCL29RH4A8;
				INFOPLIST_FILE = Flicks/Info.plist;
				LD_RUNPATH_SEARCH_PATHS = "$(inherited) @executable_path/Frameworks";
				PRODUCT_BUNDLE_IDENTIFIER = BitWyze.Flicks;
				PRODUCT_NAME = "$(TARGET_NAME)";
				SWIFT_VERSION = 3.0;
			};
			name = Debug;
		};
		0173AAE41DAC04840051D6BC /* Release */ = {
			isa = XCBuildConfiguration;
			baseConfigurationReference = 8BDE56F33ECDB8A1FACD5D5A /* Pods-Flicks.release.xcconfig */;
			buildSettings = {
				ALWAYS_EMBED_SWIFT_STANDARD_LIBRARIES = YES;
				ASSETCATALOG_COMPILER_APPICON_NAME = AppIcon;
				DEVELOPMENT_TEAM = KCL29RH4A8;
				INFOPLIST_FILE = Flicks/Info.plist;
				LD_RUNPATH_SEARCH_PATHS = "$(inherited) @executable_path/Frameworks";
				PRODUCT_BUNDLE_IDENTIFIER = BitWyze.Flicks;
				PRODUCT_NAME = "$(TARGET_NAME)";
				SWIFT_VERSION = 3.0;
			};
			name = Release;
		};
		0173AAE61DAC04840051D6BC /* Debug */ = {
			isa = XCBuildConfiguration;
			baseConfigurationReference = 9A7881607B06E5E0CBD4E423 /* Pods-FlicksTests.debug.xcconfig */;
			buildSettings = {
				ALWAYS_EMBED_SWIFT_STANDARD_LIBRARIES = YES;
				BUNDLE_LOADER = "$(TEST_HOST)";
				DEVELOPMENT_TEAM = KCL29RH4A8;
				INFOPLIST_FILE = FlicksTests/Info.plist;
				LD_RUNPATH_SEARCH_PATHS = "$(inherited) @executable_path/Frameworks @loader_path/Frameworks";
				PRODUCT_BUNDLE_IDENTIFIER = BitWyze.FlicksTests;
				PRODUCT_NAME = "$(TARGET_NAME)";
				SWIFT_VERSION = 3.0;
				TEST_HOST = "$(BUILT_PRODUCTS_DIR)/Flicks.app/Flicks";
			};
			name = Debug;
		};
		0173AAE71DAC04840051D6BC /* Release */ = {
			isa = XCBuildConfiguration;
			baseConfigurationReference = 4DE310A1B86C71D17CB67CEF /* Pods-FlicksTests.release.xcconfig */;
			buildSettings = {
				ALWAYS_EMBED_SWIFT_STANDARD_LIBRARIES = YES;
				BUNDLE_LOADER = "$(TEST_HOST)";
				DEVELOPMENT_TEAM = KCL29RH4A8;
				INFOPLIST_FILE = FlicksTests/Info.plist;
				LD_RUNPATH_SEARCH_PATHS = "$(inherited) @executable_path/Frameworks @loader_path/Frameworks";
				PRODUCT_BUNDLE_IDENTIFIER = BitWyze.FlicksTests;
				PRODUCT_NAME = "$(TARGET_NAME)";
				SWIFT_VERSION = 3.0;
				TEST_HOST = "$(BUILT_PRODUCTS_DIR)/Flicks.app/Flicks";
			};
			name = Release;
		};
/* End XCBuildConfiguration section */

/* Begin XCConfigurationList section */
		0173AAC01DAC04840051D6BC /* Build configuration list for PBXProject "Flicks" */ = {
			isa = XCConfigurationList;
			buildConfigurations = (
				0173AAE01DAC04840051D6BC /* Debug */,
				0173AAE11DAC04840051D6BC /* Release */,
			);
			defaultConfigurationIsVisible = 0;
			defaultConfigurationName = Release;
		};
		0173AAE21DAC04840051D6BC /* Build configuration list for PBXNativeTarget "Flicks" */ = {
			isa = XCConfigurationList;
			buildConfigurations = (
				0173AAE31DAC04840051D6BC /* Debug */,
				0173AAE41DAC04840051D6BC /* Release */,
			);
			defaultConfigurationIsVisible = 0;
			defaultConfigurationName = Release;
		};
		0173AAE51DAC04840051D6BC /* Build configuration list for PBXNativeTarget "FlicksTests" */ = {
			isa = XCConfigurationList;
			buildConfigurations = (
				0173AAE61DAC04840051D6BC /* Debug */,
				0173AAE71DAC04840051D6BC /* Release */,
			);
			defaultConfigurationIsVisible = 0;
			defaultConfigurationName = Release;
		};
/* End XCConfigurationList section */
	};
	rootObject = 0173AABD1DAC04840051D6BC /* Project object */;
}
